
Microsoft Visual Studio Solution File, Format Version 12.00
# Visual Studio Version 16
VisualStudioVersion = 16.0.31624.102
MinimumVisualStudioVersion = 10.0.40219.1
Project("{FAE04EC0-301F-11D3-BF4B-00C04F79EFBC}") = "Music Player V2", "Music Player V2\Music Player V2.csproj", "{92E7A6E7-C1D9-4570-8A69-939CC92EF823}"
EndProject
Global
	GlobalSection(SolutionConfigurationPlatforms) = preSolution
		Debug|Any CPU = Debug|Any CPU
		Release|Any CPU = Release|Any CPU
	EndGlobalSection
	GlobalSection(ProjectConfigurationPlatforms) = postSolution
		{92E7A6E7-C1D9-4570-8A69-939CC92EF823}.Debug|Any CPU.ActiveCfg = Debug|Any CPU
		{92E7A6E7-C1D9-4570-8A69-939CC92EF823}.Debug|Any CPU.Build.0 = Debug|Any CPU
		{92E7A6E7-C1D9-4570-8A69-939CC92EF823}.Release|Any CPU.ActiveCfg = Release|Any CPU
		{92E7A6E7-C1D9-4570-8A69-939CC92EF823}.Release|Any CPU.Build.0 = Release|Any CPU
	EndGlobalSection
	GlobalSection(SolutionProperties) = preSolution
		HideSolutionNode = FALSE
	EndGlobalSection
	GlobalSection(ExtensibilityGlobals) = postSolution
		SolutionGuid = {018CFD9A-E838-448A-B51B-B746E0C94162}
	EndGlobalSection
EndGlobal
